
Microsoft Visual Studio Solution File, Format Version 12.00
# Visual Studio Version 16
VisualStudioVersion = 16.0.29306.81
MinimumVisualStudioVersion = 10.0.40219.1
Project("{FAE04EC0-301F-11D3-BF4B-00C04F79EFBC}") = "Threading Test", "Threading Test\Threading Test.csproj", "{1FD8EF97-21D6-4400-A5F5-977C783A0C43}"
EndProject
Project("{FAE04EC0-301F-11D3-BF4B-00C04F79EFBC}") = "Core", "Core\Core.csproj", "{D54A05C4-BEF7-4EB3-A21D-70C202E31FEF}"
EndProject
Global
	GlobalSection(SolutionConfigurationPlatforms) = preSolution
		Debug|Any CPU = Debug|Any CPU
		Release|Any CPU = Release|Any CPU
	EndGlobalSection
	GlobalSection(ProjectConfigurationPlatforms) = postSolution
		{1FD8EF97-21D6-4400-A5F5-977C783A0C43}.Debug|Any CPU.ActiveCfg = Debug|Any CPU
		{1FD8EF97-21D6-4400-A5F5-977C783A0C43}.Debug|Any CPU.Build.0 = Debug|Any CPU
		{1FD8EF97-21D6-4400-A5F5-977C783A0C43}.Release|Any CPU.ActiveCfg = Release|Any CPU
		{1FD8EF97-21D6-4400-A5F5-977C783A0C43}.Release|Any CPU.Build.0 = Release|Any CPU
		{D54A05C4-BEF7-4EB3-A21D-70C202E31FEF}.Debug|Any CPU.ActiveCfg = Debug|Any CPU
		{D54A05C4-BEF7-4EB3-A21D-70C202E31FEF}.Debug|Any CPU.Build.0 = Debug|Any CPU
		{D54A05C4-BEF7-4EB3-A21D-70C202E31FEF}.Release|Any CPU.ActiveCfg = Release|Any CPU
		{D54A05C4-BEF7-4EB3-A21D-70C202E31FEF}.Release|Any CPU.Build.0 = Release|Any CPU
	EndGlobalSection
	GlobalSection(SolutionProperties) = preSolution
		HideSolutionNode = FALSE
	EndGlobalSection
	GlobalSection(ExtensibilityGlobals) = postSolution
		SolutionGuid = {25936FF3-59BF-48FD-A7ED-175C72DA20D5}
	EndGlobalSection
EndGlobal
